
Microsoft Visual Studio Solution File, Format Version 11.00
# Visual Studio 2010
Project("{FAE04EC0-301F-11D3-BF4B-00C04F79EFBC}") = "Rainbow", "Rainbow\Rainbow.csproj", "{0B9B09EB-2D65-4F8E-9DD0-9845C7FBD0CB}"
EndProject
Project("{FAE04EC0-301F-11D3-BF4B-00C04F79EFBC}") = "TestRainbow", "TestRainbow\TestRainbow.csproj", "{940386CF-ED70-48AC-AD48-4AB8B45D08E4}"
EndProject
Project("{2150E333-8FDC-42A3-9474-1A3956D46DE8}") = "Solution Items", "Solution Items", "{8C5F3BD0-208F-4DF7-9EEF-E41BB068411F}"
	ProjectSection(SolutionItems) = preProject
		Local.testsettings = Local.testsettings
		Rainbow.vsmdi = Rainbow.vsmdi
		TraceAndTestImpact.testsettings = TraceAndTestImpact.testsettings
	EndProjectSection
EndProject
Global
	GlobalSection(TestCaseManagementSettings) = postSolution
		CategoryFile = Rainbow.vsmdi
	EndGlobalSection
	GlobalSection(SolutionConfigurationPlatforms) = preSolution
		Debug|Any CPU = Debug|Any CPU
		Debug|Mixed Platforms = Debug|Mixed Platforms
		Debug|x86 = Debug|x86
		Release|Any CPU = Release|Any CPU
		Release|Mixed Platforms = Release|Mixed Platforms
		Release|x86 = Release|x86
	EndGlobalSection
	GlobalSection(ProjectConfigurationPlatforms) = postSolution
		{0B9B09EB-2D65-4F8E-9DD0-9845C7FBD0CB}.Debug|Any CPU.ActiveCfg = Debug|x86
		{0B9B09EB-2D65-4F8E-9DD0-9845C7FBD0CB}.Debug|Mixed Platforms.ActiveCfg = Debug|x86
		{0B9B09EB-2D65-4F8E-9DD0-9845C7FBD0CB}.Debug|Mixed Platforms.Build.0 = Debug|x86
		{0B9B09EB-2D65-4F8E-9DD0-9845C7FBD0CB}.Debug|x86.ActiveCfg = Debug|x86
		{0B9B09EB-2D65-4F8E-9DD0-9845C7FBD0CB}.Debug|x86.Build.0 = Debug|x86
		{0B9B09EB-2D65-4F8E-9DD0-9845C7FBD0CB}.Release|Any CPU.ActiveCfg = Release|x86
		{0B9B09EB-2D65-4F8E-9DD0-9845C7FBD0CB}.Release|Mixed Platforms.ActiveCfg = Release|x86
		{0B9B09EB-2D65-4F8E-9DD0-9845C7FBD0CB}.Release|Mixed Platforms.Build.0 = Release|x86
		{0B9B09EB-2D65-4F8E-9DD0-9845C7FBD0CB}.Release|x86.ActiveCfg = Release|x86
		{0B9B09EB-2D65-4F8E-9DD0-9845C7FBD0CB}.Release|x86.Build.0 = Release|x86
		{940386CF-ED70-48AC-AD48-4AB8B45D08E4}.Debug|Any CPU.ActiveCfg = Debug|Any CPU
		{940386CF-ED70-48AC-AD48-4AB8B45D08E4}.Debug|Any CPU.Build.0 = Debug|Any CPU
		{940386CF-ED70-48AC-AD48-4AB8B45D08E4}.Debug|Mixed Platforms.ActiveCfg = Debug|Any CPU
		{940386CF-ED70-48AC-AD48-4AB8B45D08E4}.Debug|Mixed Platforms.Build.0 = Debug|Any CPU
		{940386CF-ED70-48AC-AD48-4AB8B45D08E4}.Debug|x86.ActiveCfg = Debug|Any CPU
		{940386CF-ED70-48AC-AD48-4AB8B45D08E4}.Release|Any CPU.ActiveCfg = Release|Any CPU
		{940386CF-ED70-48AC-AD48-4AB8B45D08E4}.Release|Any CPU.Build.0 = Release|Any CPU
		{940386CF-ED70-48AC-AD48-4AB8B45D08E4}.Release|Mixed Platforms.ActiveCfg = Release|Any CPU
		{940386CF-ED70-48AC-AD48-4AB8B45D08E4}.Release|Mixed Platforms.Build.0 = Release|Any CPU
		{940386CF-ED70-48AC-AD48-4AB8B45D08E4}.Release|x86.ActiveCfg = Release|Any CPU
	EndGlobalSection
	GlobalSection(SolutionProperties) = preSolution
		HideSolutionNode = FALSE
	EndGlobalSection
EndGlobal
